
Microsoft Visual Studio Solution File, Format Version 12.00
# Visual Studio Version 17
VisualStudioVersion = 17.2.32630.192
MinimumVisualStudioVersion = 10.0.40219.1
Project("{FAE04EC0-301F-11D3-BF4B-00C04F79EFBC}") = "ejercicio5", "ejercicio5\ejercicio5.csproj", "{51902AB3-EAB4-44CF-82D1-0AD478949909}"
EndProject
Global
	GlobalSection(SolutionConfigurationPlatforms) = preSolution
		Debug|Any CPU = Debug|Any CPU
		Release|Any CPU = Release|Any CPU
	EndGlobalSection
	GlobalSection(ProjectConfigurationPlatforms) = postSolution
		{51902AB3-EAB4-44CF-82D1-0AD478949909}.Debug|Any CPU.ActiveCfg = Debug|Any CPU
		{51902AB3-EAB4-44CF-82D1-0AD478949909}.Debug|Any CPU.Build.0 = Debug|Any CPU
		{51902AB3-EAB4-44CF-82D1-0AD478949909}.Release|Any CPU.ActiveCfg = Release|Any CPU
		{51902AB3-EAB4-44CF-82D1-0AD478949909}.Release|Any CPU.Build.0 = Release|Any CPU
	EndGlobalSection
	GlobalSection(SolutionProperties) = preSolution
		HideSolutionNode = FALSE
	EndGlobalSection
	GlobalSection(ExtensibilityGlobals) = postSolution
		SolutionGuid = {0A5F6BD9-2F19-4541-9BBE-5832509565FF}
	EndGlobalSection
EndGlobal
